
Microsoft Visual Studio Solution File, Format Version 12.00
# Visual Studio 15
VisualStudioVersion = 15.0.26403.0
MinimumVisualStudioVersion = 10.0.40219.1
Project("{FAE04EC0-301F-11D3-BF4B-00C04F79EFBC}") = "DayTradeKGI", "DayTradeKGI\DayTradeKGI.csproj", "{490EA96D-9D6C-41C8-BBE1-33D14AE17815}"
EndProject
Project("{FAE04EC0-301F-11D3-BF4B-00C04F79EFBC}") = "TradeBot", "TradeBot\TradeBot.csproj", "{2144378A-CC5A-4CCE-9111-57D806CE584F}"
EndProject
Project("{FAE04EC0-301F-11D3-BF4B-00C04F79EFBC}") = "DayTradeKGIWinForm", "DayTradeKGIWinForm\DayTradeKGIWinForm.csproj", "{2447E27C-E7E1-4066-8237-66ABCFB435AE}"
EndProject
Project("{FAE04EC0-301F-11D3-BF4B-00C04F79EFBC}") = "TradeBotClass", "TradeBotClass\TradeBotClass.csproj", "{369D392F-E7B0-4BF3-985B-E97683FD19D0}"
EndProject
Project("{FAE04EC0-301F-11D3-BF4B-00C04F79EFBC}") = "ConsoleTest", "ConsoleTest\ConsoleTest.csproj", "{3CD440E9-0DDA-4C02-98A1-656ABCBFE82C}"
EndProject
Global
	GlobalSection(SolutionConfigurationPlatforms) = preSolution
		Debug|Any CPU = Debug|Any CPU
		Debug|x64 = Debug|x64
		Debug|x86 = Debug|x86
		Release|Any CPU = Release|Any CPU
		Release|x64 = Release|x64
		Release|x86 = Release|x86
	EndGlobalSection
	GlobalSection(ProjectConfigurationPlatforms) = postSolution
		{490EA96D-9D6C-41C8-BBE1-33D14AE17815}.Debug|Any CPU.ActiveCfg = Debug|Any CPU
		{490EA96D-9D6C-41C8-BBE1-33D14AE17815}.Debug|Any CPU.Build.0 = Debug|Any CPU
		{490EA96D-9D6C-41C8-BBE1-33D14AE17815}.Debug|x64.ActiveCfg = Debug|Any CPU
		{490EA96D-9D6C-41C8-BBE1-33D14AE17815}.Debug|x64.Build.0 = Debug|Any CPU
		{490EA96D-9D6C-41C8-BBE1-33D14AE17815}.Debug|x86.ActiveCfg = Debug|Any CPU
		{490EA96D-9D6C-41C8-BBE1-33D14AE17815}.Debug|x86.Build.0 = Debug|Any CPU
		{490EA96D-9D6C-41C8-BBE1-33D14AE17815}.Release|Any CPU.ActiveCfg = Release|Any CPU
		{490EA96D-9D6C-41C8-BBE1-33D14AE17815}.Release|Any CPU.Build.0 = Release|Any CPU
		{490EA96D-9D6C-41C8-BBE1-33D14AE17815}.Release|x64.ActiveCfg = Release|Any CPU
		{490EA96D-9D6C-41C8-BBE1-33D14AE17815}.Release|x64.Build.0 = Release|Any CPU
		{490EA96D-9D6C-41C8-BBE1-33D14AE17815}.Release|x86.ActiveCfg = Release|Any CPU
		{490EA96D-9D6C-41C8-BBE1-33D14AE17815}.Release|x86.Build.0 = Release|Any CPU
		{2144378A-CC5A-4CCE-9111-57D806CE584F}.Debug|Any CPU.ActiveCfg = Debug|Any CPU
		{2144378A-CC5A-4CCE-9111-57D806CE584F}.Debug|Any CPU.Build.0 = Debug|Any CPU
		{2144378A-CC5A-4CCE-9111-57D806CE584F}.Debug|x64.ActiveCfg = Debug|x64
		{2144378A-CC5A-4CCE-9111-57D806CE584F}.Debug|x64.Build.0 = Debug|x64
		{2144378A-CC5A-4CCE-9111-57D806CE584F}.Debug|x86.ActiveCfg = Debug|x86
		{2144378A-CC5A-4CCE-9111-57D806CE584F}.Debug|x86.Build.0 = Debug|x86
		{2144378A-CC5A-4CCE-9111-57D806CE584F}.Release|Any CPU.ActiveCfg = Release|Any CPU
		{2144378A-CC5A-4CCE-9111-57D806CE584F}.Release|Any CPU.Build.0 = Release|Any CPU
		{2144378A-CC5A-4CCE-9111-57D806CE584F}.Release|x64.ActiveCfg = Release|x64
		{2144378A-CC5A-4CCE-9111-57D806CE584F}.Release|x64.Build.0 = Release|x64
		{2144378A-CC5A-4CCE-9111-57D806CE584F}.Release|x86.ActiveCfg = Release|x86
		{2144378A-CC5A-4CCE-9111-57D806CE584F}.Release|x86.Build.0 = Release|x86
		{2447E27C-E7E1-4066-8237-66ABCFB435AE}.Debug|Any CPU.ActiveCfg = Debug|Any CPU
		{2447E27C-E7E1-4066-8237-66ABCFB435AE}.Debug|Any CPU.Build.0 = Debug|Any CPU
		{2447E27C-E7E1-4066-8237-66ABCFB435AE}.Debug|x64.ActiveCfg = Debug|Any CPU
		{2447E27C-E7E1-4066-8237-66ABCFB435AE}.Debug|x64.Build.0 = Debug|Any CPU
		{2447E27C-E7E1-4066-8237-66ABCFB435AE}.Debug|x86.ActiveCfg = Debug|Any CPU
		{2447E27C-E7E1-4066-8237-66ABCFB435AE}.Debug|x86.Build.0 = Debug|Any CPU
		{2447E27C-E7E1-4066-8237-66ABCFB435AE}.Release|Any CPU.ActiveCfg = Release|Any CPU
		{2447E27C-E7E1-4066-8237-66ABCFB435AE}.Release|Any CPU.Build.0 = Release|Any CPU
		{2447E27C-E7E1-4066-8237-66ABCFB435AE}.Release|x64.ActiveCfg = Release|Any CPU
		{2447E27C-E7E1-4066-8237-66ABCFB435AE}.Release|x64.Build.0 = Release|Any CPU
		{2447E27C-E7E1-4066-8237-66ABCFB435AE}.Release|x86.ActiveCfg = Release|Any CPU
		{2447E27C-E7E1-4066-8237-66ABCFB435AE}.Release|x86.Build.0 = Release|Any CPU
		{369D392F-E7B0-4BF3-985B-E97683FD19D0}.Debug|Any CPU.ActiveCfg = Debug|Any CPU
		{369D392F-E7B0-4BF3-985B-E97683FD19D0}.Debug|Any CPU.Build.0 = Debug|Any CPU
		{369D392F-E7B0-4BF3-985B-E97683FD19D0}.Debug|x64.ActiveCfg = Debug|Any CPU
		{369D392F-E7B0-4BF3-985B-E97683FD19D0}.Debug|x64.Build.0 = Debug|Any CPU
		{369D392F-E7B0-4BF3-985B-E97683FD19D0}.Debug|x86.ActiveCfg = Debug|Any CPU
		{369D392F-E7B0-4BF3-985B-E97683FD19D0}.Debug|x86.Build.0 = Debug|Any CPU
		{369D392F-E7B0-4BF3-985B-E97683FD19D0}.Release|Any CPU.ActiveCfg = Release|Any CPU
		{369D392F-E7B0-4BF3-985B-E97683FD19D0}.Release|Any CPU.Build.0 = Release|Any CPU
		{369D392F-E7B0-4BF3-985B-E97683FD19D0}.Release|x64.ActiveCfg = Release|Any CPU
		{369D392F-E7B0-4BF3-985B-E97683FD19D0}.Release|x64.Build.0 = Release|Any CPU
		{369D392F-E7B0-4BF3-985B-E97683FD19D0}.Release|x86.ActiveCfg = Release|Any CPU
		{369D392F-E7B0-4BF3-985B-E97683FD19D0}.Release|x86.Build.0 = Release|Any CPU
		{3CD440E9-0DDA-4C02-98A1-656ABCBFE82C}.Debug|Any CPU.ActiveCfg = Debug|Any CPU
		{3CD440E9-0DDA-4C02-98A1-656ABCBFE82C}.Debug|Any CPU.Build.0 = Debug|Any CPU
		{3CD440E9-0DDA-4C02-98A1-656ABCBFE82C}.Debug|x64.ActiveCfg = Debug|Any CPU
		{3CD440E9-0DDA-4C02-98A1-656ABCBFE82C}.Debug|x64.Build.0 = Debug|Any CPU
		{3CD440E9-0DDA-4C02-98A1-656ABCBFE82C}.Debug|x86.ActiveCfg = Debug|Any CPU
		{3CD440E9-0DDA-4C02-98A1-656ABCBFE82C}.Debug|x86.Build.0 = Debug|Any CPU
		{3CD440E9-0DDA-4C02-98A1-656ABCBFE82C}.Release|Any CPU.ActiveCfg = Release|Any CPU
		{3CD440E9-0DDA-4C02-98A1-656ABCBFE82C}.Release|Any CPU.Build.0 = Release|Any CPU
		{3CD440E9-0DDA-4C02-98A1-656ABCBFE82C}.Release|x64.ActiveCfg = Release|Any CPU
		{3CD440E9-0DDA-4C02-98A1-656ABCBFE82C}.Release|x64.Build.0 = Release|Any CPU
		{3CD440E9-0DDA-4C02-98A1-656ABCBFE82C}.Release|x86.ActiveCfg = Release|Any CPU
		{3CD440E9-0DDA-4C02-98A1-656ABCBFE82C}.Release|x86.Build.0 = Release|Any CPU
	EndGlobalSection
	GlobalSection(SolutionProperties) = preSolution
		HideSolutionNode = FALSE
	EndGlobalSection
EndGlobal
